
Microsoft Visual Studio Solution File, Format Version 12.00
# Visual Studio 15
VisualStudioVersion = 15.0.26228.9
MinimumVisualStudioVersion = 10.0.40219.1
Project("{FAE04EC0-301F-11D3-BF4B-00C04F79EFBC}") = "RegistrationAPP", "RegistrationAPP\RegistrationAPP.csproj", "{2CC70F48-9B50-40AB-A4CD-48EB06EFA9EE}"
EndProject
Global
	GlobalSection(SolutionConfigurationPlatforms) = preSolution
		Debug|Any CPU = Debug|Any CPU
		Release|Any CPU = Release|Any CPU
	EndGlobalSection
	GlobalSection(ProjectConfigurationPlatforms) = postSolution
		{2CC70F48-9B50-40AB-A4CD-48EB06EFA9EE}.Debug|Any CPU.ActiveCfg = Debug|Any CPU
		{2CC70F48-9B50-40AB-A4CD-48EB06EFA9EE}.Debug|Any CPU.Build.0 = Debug|Any CPU
		{2CC70F48-9B50-40AB-A4CD-48EB06EFA9EE}.Release|Any CPU.ActiveCfg = Release|Any CPU
		{2CC70F48-9B50-40AB-A4CD-48EB06EFA9EE}.Release|Any CPU.Build.0 = Release|Any CPU
	EndGlobalSection
	GlobalSection(SolutionProperties) = preSolution
		HideSolutionNode = FALSE
	EndGlobalSection
EndGlobal
